
Microsoft Visual Studio Solution File, Format Version 12.00
# Visual Studio Version 16
VisualStudioVersion = 16.0.29519.87
MinimumVisualStudioVersion = 10.0.40219.1
Project("{FAE04EC0-301F-11D3-BF4B-00C04F79EFBC}") = "RealTime", "RealTime\RealTime.csproj", "{7CD7702C-E7D3-4E61-BF3A-B10F7950DE52}"
EndProject
Project("{FAE04EC0-301F-11D3-BF4B-00C04F79EFBC}") = "RealTimeTests", "RealTimeTests\RealTimeTests.csproj", "{687CE9B5-2E2E-454E-83FC-512250CACF3E}"
EndProject
Project("{FAE04EC0-301F-11D3-BF4B-00C04F79EFBC}") = "SkyTools", "SkyTools\src\SkyTools\SkyTools.csproj", "{F83D96EF-857A-4AA4-8C23-7D258DAD777D}"
EndProject
Project("{2150E333-8FDC-42A3-9474-1A3956D46DE8}") = "Infrastructure", "Infrastructure", "{7B555ECE-12A0-4F46-947F-781C8C52FD92}"
	ProjectSection(SolutionItems) = preProject
		.editorconfig = .editorconfig
		Directory.Build.props = Directory.Build.props
		GitVersion.yml = GitVersion.yml
		stylecop.json = stylecop.json
	EndProjectSection
EndProject
Global
	GlobalSection(SolutionConfigurationPlatforms) = preSolution
		Benchmark|Any CPU = Benchmark|Any CPU
		Debug|Any CPU = Debug|Any CPU
		Release|Any CPU = Release|Any CPU
	EndGlobalSection
	GlobalSection(ProjectConfigurationPlatforms) = postSolution
		{7CD7702C-E7D3-4E61-BF3A-B10F7950DE52}.Benchmark|Any CPU.ActiveCfg = Debug|Any CPU
		{7CD7702C-E7D3-4E61-BF3A-B10F7950DE52}.Benchmark|Any CPU.Build.0 = Debug|Any CPU
		{7CD7702C-E7D3-4E61-BF3A-B10F7950DE52}.Debug|Any CPU.ActiveCfg = Debug|Any CPU
		{7CD7702C-E7D3-4E61-BF3A-B10F7950DE52}.Debug|Any CPU.Build.0 = Debug|Any CPU
		{7CD7702C-E7D3-4E61-BF3A-B10F7950DE52}.Release|Any CPU.ActiveCfg = Release|Any CPU
		{7CD7702C-E7D3-4E61-BF3A-B10F7950DE52}.Release|Any CPU.Build.0 = Release|Any CPU
		{687CE9B5-2E2E-454E-83FC-512250CACF3E}.Benchmark|Any CPU.ActiveCfg = Debug|Any CPU
		{687CE9B5-2E2E-454E-83FC-512250CACF3E}.Benchmark|Any CPU.Build.0 = Debug|Any CPU
		{687CE9B5-2E2E-454E-83FC-512250CACF3E}.Debug|Any CPU.ActiveCfg = Debug|Any CPU
		{687CE9B5-2E2E-454E-83FC-512250CACF3E}.Debug|Any CPU.Build.0 = Debug|Any CPU
		{687CE9B5-2E2E-454E-83FC-512250CACF3E}.Release|Any CPU.ActiveCfg = Release|Any CPU
		{687CE9B5-2E2E-454E-83FC-512250CACF3E}.Release|Any CPU.Build.0 = Release|Any CPU
		{F83D96EF-857A-4AA4-8C23-7D258DAD777D}.Benchmark|Any CPU.ActiveCfg = Debug|Any CPU
		{F83D96EF-857A-4AA4-8C23-7D258DAD777D}.Benchmark|Any CPU.Build.0 = Debug|Any CPU
		{F83D96EF-857A-4AA4-8C23-7D258DAD777D}.Debug|Any CPU.ActiveCfg = Debug|Any CPU
		{F83D96EF-857A-4AA4-8C23-7D258DAD777D}.Debug|Any CPU.Build.0 = Debug|Any CPU
		{F83D96EF-857A-4AA4-8C23-7D258DAD777D}.Release|Any CPU.ActiveCfg = Release|Any CPU
		{F83D96EF-857A-4AA4-8C23-7D258DAD777D}.Release|Any CPU.Build.0 = Release|Any CPU
	EndGlobalSection
	GlobalSection(SolutionProperties) = preSolution
		HideSolutionNode = FALSE
	EndGlobalSection
	GlobalSection(ExtensibilityGlobals) = postSolution
		SolutionGuid = {99EFBE80-0D13-4351-896D-96D0F6D5FEFB}
	EndGlobalSection
EndGlobal
